
Microsoft Visual Studio Solution File, Format Version 12.00
Project("{FAE04EC0-301F-11D3-BF4B-00C04F79EFBC}") = "Domino", "Domino\Domino.csproj", "{73AD8D2C-2439-4B78-BDE3-E7FF6B1C88F3}"
EndProject
Project("{FAE04EC0-301F-11D3-BF4B-00C04F79EFBC}") = "Domino.Backend", "Domino.Backend\Domino.Backend.csproj", "{F88F10E8-4EAA-44B4-942C-2F93CE89DA54}"
EndProject
Project("{FAE04EC0-301F-11D3-BF4B-00C04F79EFBC}") = "Domino.CLI", "Domino.CLI\Domino.CLI.csproj", "{70921F44-B147-4BDC-8BC5-7D783F05B781}"
EndProject
Project("{FAE04EC0-301F-11D3-BF4B-00C04F79EFBC}") = "Domino.GUI", "Domino.GUI\Domino.GUI.csproj", "{03788500-7A57-4EF4-B199-1122D707AAF9}"
EndProject
Global
	GlobalSection(SolutionConfigurationPlatforms) = preSolution
		Debug|Any CPU = Debug|Any CPU
		Release|Any CPU = Release|Any CPU
	EndGlobalSection
	GlobalSection(ProjectConfigurationPlatforms) = postSolution
		{73AD8D2C-2439-4B78-BDE3-E7FF6B1C88F3}.Debug|Any CPU.ActiveCfg = Debug|Any CPU
		{73AD8D2C-2439-4B78-BDE3-E7FF6B1C88F3}.Debug|Any CPU.Build.0 = Debug|Any CPU
		{73AD8D2C-2439-4B78-BDE3-E7FF6B1C88F3}.Release|Any CPU.ActiveCfg = Release|Any CPU
		{73AD8D2C-2439-4B78-BDE3-E7FF6B1C88F3}.Release|Any CPU.Build.0 = Release|Any CPU
		{F88F10E8-4EAA-44B4-942C-2F93CE89DA54}.Debug|Any CPU.ActiveCfg = Debug|Any CPU
		{F88F10E8-4EAA-44B4-942C-2F93CE89DA54}.Debug|Any CPU.Build.0 = Debug|Any CPU
		{F88F10E8-4EAA-44B4-942C-2F93CE89DA54}.Release|Any CPU.ActiveCfg = Release|Any CPU
		{F88F10E8-4EAA-44B4-942C-2F93CE89DA54}.Release|Any CPU.Build.0 = Release|Any CPU
		{70921F44-B147-4BDC-8BC5-7D783F05B781}.Debug|Any CPU.ActiveCfg = Debug|Any CPU
		{70921F44-B147-4BDC-8BC5-7D783F05B781}.Debug|Any CPU.Build.0 = Debug|Any CPU
		{70921F44-B147-4BDC-8BC5-7D783F05B781}.Release|Any CPU.ActiveCfg = Release|Any CPU
		{70921F44-B147-4BDC-8BC5-7D783F05B781}.Release|Any CPU.Build.0 = Release|Any CPU
		{03788500-7A57-4EF4-B199-1122D707AAF9}.Debug|Any CPU.ActiveCfg = Debug|Any CPU
		{03788500-7A57-4EF4-B199-1122D707AAF9}.Debug|Any CPU.Build.0 = Debug|Any CPU
		{03788500-7A57-4EF4-B199-1122D707AAF9}.Release|Any CPU.ActiveCfg = Release|Any CPU
		{03788500-7A57-4EF4-B199-1122D707AAF9}.Release|Any CPU.Build.0 = Release|Any CPU
	EndGlobalSection
EndGlobal
